
Microsoft Visual Studio Solution File, Format Version 12.00
# Visual Studio Version 16
VisualStudioVersion = 16.0.31702.278
MinimumVisualStudioVersion = 10.0.40219.1
Project("{9A19103F-16F7-4668-BE54-9A1E7A4F7556}") = "WebAPI_CodeMazeGuide", "WebAPI_CodeMazeGuide\WebAPI_CodeMazeGuide.csproj", "{4767015B-A2A6-46EC-A28C-8F81631C135F}"
EndProject
Project("{9A19103F-16F7-4668-BE54-9A1E7A4F7556}") = "Contracts", "Contracts\Contracts.csproj", "{365EC245-C675-42C5-B9BB-F7F8A3F60C0D}"
EndProject
Project("{9A19103F-16F7-4668-BE54-9A1E7A4F7556}") = "LoggerService", "LoggerService\LoggerService.csproj", "{CA515F1C-300C-4D06-A9D1-940713409914}"
EndProject
Project("{9A19103F-16F7-4668-BE54-9A1E7A4F7556}") = "Entities", "Entities\Entities.csproj", "{5CF07759-C780-422E-AD14-005CB22F5D17}"
EndProject
Project("{FAE04EC0-301F-11D3-BF4B-00C04F79EFBC}") = "Repository", "Repository\Repository.csproj", "{5ECF27BD-BE6B-434F-BF82-8CE585A30FB1}"
EndProject
Global
	GlobalSection(SolutionConfigurationPlatforms) = preSolution
		Debug|Any CPU = Debug|Any CPU
		Release|Any CPU = Release|Any CPU
	EndGlobalSection
	GlobalSection(ProjectConfigurationPlatforms) = postSolution
		{4767015B-A2A6-46EC-A28C-8F81631C135F}.Debug|Any CPU.ActiveCfg = Debug|Any CPU
		{4767015B-A2A6-46EC-A28C-8F81631C135F}.Debug|Any CPU.Build.0 = Debug|Any CPU
		{4767015B-A2A6-46EC-A28C-8F81631C135F}.Release|Any CPU.ActiveCfg = Release|Any CPU
		{4767015B-A2A6-46EC-A28C-8F81631C135F}.Release|Any CPU.Build.0 = Release|Any CPU
		{365EC245-C675-42C5-B9BB-F7F8A3F60C0D}.Debug|Any CPU.ActiveCfg = Debug|Any CPU
		{365EC245-C675-42C5-B9BB-F7F8A3F60C0D}.Debug|Any CPU.Build.0 = Debug|Any CPU
		{365EC245-C675-42C5-B9BB-F7F8A3F60C0D}.Release|Any CPU.ActiveCfg = Release|Any CPU
		{365EC245-C675-42C5-B9BB-F7F8A3F60C0D}.Release|Any CPU.Build.0 = Release|Any CPU
		{CA515F1C-300C-4D06-A9D1-940713409914}.Debug|Any CPU.ActiveCfg = Debug|Any CPU
		{CA515F1C-300C-4D06-A9D1-940713409914}.Debug|Any CPU.Build.0 = Debug|Any CPU
		{CA515F1C-300C-4D06-A9D1-940713409914}.Release|Any CPU.ActiveCfg = Release|Any CPU
		{CA515F1C-300C-4D06-A9D1-940713409914}.Release|Any CPU.Build.0 = Release|Any CPU
		{5CF07759-C780-422E-AD14-005CB22F5D17}.Debug|Any CPU.ActiveCfg = Debug|Any CPU
		{5CF07759-C780-422E-AD14-005CB22F5D17}.Debug|Any CPU.Build.0 = Debug|Any CPU
		{5CF07759-C780-422E-AD14-005CB22F5D17}.Release|Any CPU.ActiveCfg = Release|Any CPU
		{5CF07759-C780-422E-AD14-005CB22F5D17}.Release|Any CPU.Build.0 = Release|Any CPU
		{5ECF27BD-BE6B-434F-BF82-8CE585A30FB1}.Debug|Any CPU.ActiveCfg = Debug|Any CPU
		{5ECF27BD-BE6B-434F-BF82-8CE585A30FB1}.Debug|Any CPU.Build.0 = Debug|Any CPU
		{5ECF27BD-BE6B-434F-BF82-8CE585A30FB1}.Release|Any CPU.ActiveCfg = Release|Any CPU
		{5ECF27BD-BE6B-434F-BF82-8CE585A30FB1}.Release|Any CPU.Build.0 = Release|Any CPU
	EndGlobalSection
	GlobalSection(SolutionProperties) = preSolution
		HideSolutionNode = FALSE
	EndGlobalSection
	GlobalSection(ExtensibilityGlobals) = postSolution
		SolutionGuid = {E27F6778-EBC4-4F8A-BAD7-86A2841C2625}
	EndGlobalSection
EndGlobal
